
Microsoft Visual Studio Solution File, Format Version 12.00
# Visual Studio Version 17
VisualStudioVersion = 17.7.34024.191
MinimumVisualStudioVersion = 10.0.40219.1
Project("{8BC9CEB8-8B4A-11D0-8D11-00A0C91BC942}") = "TD", "TD.vcxproj", "{E681655F-F03E-4F81-979E-52D087616603}"
EndProject
Global
	GlobalSection(SolutionConfigurationPlatforms) = preSolution
		Debug|x64 = Debug|x64
		Release|x64 = Release|x64
	EndGlobalSection
	GlobalSection(ProjectConfigurationPlatforms) = postSolution
		{E681655F-F03E-4F81-979E-52D087616603}.Debug|x64.ActiveCfg = Debug|x64
		{E681655F-F03E-4F81-979E-52D087616603}.Debug|x64.Build.0 = Debug|x64
		{E681655F-F03E-4F81-979E-52D087616603}.Release|x64.ActiveCfg = Release|x64
		{E681655F-F03E-4F81-979E-52D087616603}.Release|x64.Build.0 = Release|x64
	EndGlobalSection
	GlobalSection(SolutionProperties) = preSolution
		HideSolutionNode = FALSE
	EndGlobalSection
	GlobalSection(ExtensibilityGlobals) = postSolution
		SolutionGuid = {E421279E-04FB-4EFC-A4F2-7503356B048A}
	EndGlobalSection
EndGlobal
